---
lockfileVersion: '9.0'

importers:

  .:
    configDependencies: {}
    packageManagerDependencies:
      '@pnpm/exe':
        specifier: ^11.5.2
        version: 11.7.0
      pnpm:
        specifier: ^11.5.2
        version: 11.7.0

packages:

  '@pnpm/exe@11.7.0':
    resolution: {integrity: sha512-3CujpSSp2PIDE0pwu7mWSdjhdDqaZa7OppVooECWWaNEoA/z66s9FZts1MhDO+2yq1XER4gBHh84DVbFN/r1rA==}
    hasBin: true

  '@pnpm/linux-arm64@11.7.0':
    resolution: {integrity: sha512-ANTX2SlMO+d2y/4bYQhHCwHPX7gSSADJ5+pMUIiDFzIsybnFFaJdZboaFfq9NOxCbETcnDxqZ95Rz3+NHx1JIw==}
    cpu: [arm64]
    os: [linux]

  '@pnpm/linux-x64@11.7.0':
    resolution: {integrity: sha512-fr75tqixXoS8cnA81HQIomjOGEPnsOsd3xCDL5pMNY5raOXbKurtgRV+RjATvjxlJxSLIVFKegABlxAiB7q72A==}
    cpu: [x64]
    os: [linux]

  '@pnpm/linuxstatic-arm64@11.7.0':
    resolution: {integrity: sha512-Q++pgzvXkGeqnVRl26/uqmpMGdttQus0rGyL3XIfYGLCi8ZfajYUaCKdZID2MH7+CNOuugWDdFDup3r7BR7Rfg==}
    cpu: [arm64]
    os: [linux]
    libc: [musl]

  '@pnpm/linuxstatic-x64@11.7.0':
    resolution: {integrity: sha512-z1+exW6ocU/rmOvJnmU3FUBJYaryCUqFoaXN6KZW5BqTj7BPJb7HJcAyXRlirNZMJlEiUY5rXbfStGPQJhGsVA==}
    cpu: [x64]
    os: [linux]
    libc: [musl]

  '@pnpm/macos-arm64@11.7.0':
    resolution: {integrity: sha512-gD34/k3JT5oab4BYaqrUor3e4VdwXvkfLNlEI+lvDtX1MHT+2Nauc9p9NsQnpn1zE8blQEflzbF8wAUQ6Dmvkw==}
    cpu: [arm64]
    os: [darwin]

  '@pnpm/win-arm64@11.7.0':
    resolution: {integrity: sha512-hRTcDmm2j7KoRwbqNo0rUAu9A1kVJN98Eob7H09U0uPJbEMax85JGOmERkT3Lf6HjVJuFNBvfaJ3OTI3HmlVGg==}
    cpu: [arm64]
    os: [win32]

  '@pnpm/win-x64@11.7.0':
    resolution: {integrity: sha512-r/1NuKY7Z+6ZXVIzVrUEMj6TTEBdR63geV4Rlm8HKEhgQTdxyIsJoqV3FJGqoyzbRaScObqAwRfMaK9dskPddQ==}
    cpu: [x64]
    os: [win32]

  '@reflink/reflink-darwin-arm64@0.1.19':
    resolution: {integrity: sha512-ruy44Lpepdk1FqDz38vExBY/PVUsjxZA+chd9wozjUH9JjuDT/HEaQYA6wYN9mf041l0yLVar6BCZuWABJvHSA==}
    engines: {node: '>= 10'}
    cpu: [arm64]
    os: [darwin]

  '@reflink/reflink-darwin-x64@0.1.19':
    resolution: {integrity: sha512-By85MSWrMZa+c26TcnAy8SDk0sTUkYlNnwknSchkhHpGXOtjNDUOxJE9oByBnGbeuIE1PiQsxDG3Ud+IVV9yuA==}
    engines: {node: '>= 10'}
    cpu: [x64]
    os: [darwin]

  '@reflink/reflink-linux-arm64-gnu@0.1.19':
    resolution: {integrity: sha512-7P+er8+rP9iNeN+bfmccM4hTAaLP6PQJPKWSA4iSk2bNvo6KU6RyPgYeHxXmzNKzPVRcypZQTpFgstHam6maVg==}
    engines: {node: '>= 10'}
    cpu: [arm64]
    os: [linux]
    libc: [glibc]

  '@reflink/reflink-linux-arm64-musl@0.1.19':
    resolution: {integrity: sha512-37iO/Dp6m5DDaC2sf3zPtx/hl9FV3Xze4xoYidrxxS9bgP3S8ALroxRK6xBG/1TtfXKTvolvp+IjrUU6ujIGmA==}
    engines: {node: '>= 10'}
    cpu: [arm64]
    os: [linux]
    libc: [musl]

  '@reflink/reflink-linux-x64-gnu@0.1.19':
    resolution: {integrity: sha512-jbI8jvuYCaA3MVUdu8vLoLAFqC+iNMpiSuLbxlAgg7x3K5bsS8nOpTRnkLF7vISJ+rVR8W+7ThXlXlUQ93ulkw==}
    engines: {node: '>= 10'}
    cpu: [x64]
    os: [linux]
    libc: [glibc]

  '@reflink/reflink-linux-x64-musl@0.1.19':
    resolution: {integrity: sha512-e9FBWDe+lv7QKAwtKOt6A2W/fyy/aEEfr0g6j/hWzvQcrzHCsz07BNQYlNOjTfeytrtLU7k449H1PI95jA4OjQ==}
    engines: {node: '>= 10'}
    cpu: [x64]
    os: [linux]
    libc: [musl]

  '@reflink/reflink-win32-arm64-msvc@0.1.19':
    resolution: {integrity: sha512-09PxnVIQcd+UOn4WAW73WU6PXL7DwGS6wPlkMhMg2zlHHG65F3vHepOw06HFCq+N42qkaNAc8AKIabWvtk6cIQ==}
    engines: {node: '>= 10'}
    cpu: [arm64]
    os: [win32]

  '@reflink/reflink-win32-x64-msvc@0.1.19':
    resolution: {integrity: sha512-E//yT4ni2SyhwP8JRjVGWr3cbnhWDiPLgnQ66qqaanjjnMiu3O/2tjCPQXlcGc/DEYofpDc9fvhv6tALQsMV9w==}
    engines: {node: '>= 10'}
    cpu: [x64]
    os: [win32]

  '@reflink/reflink@0.1.19':
    resolution: {integrity: sha512-DmCG8GzysnCZ15bres3N5AHCmwBwYgp0As6xjhQ47rAUTUXxJiK+lLUxaGsX3hd/30qUpVElh05PbGuxRPgJwA==}
    engines: {node: '>= 10'}

  detect-libc@2.1.2:
    resolution: {integrity: sha512-Btj2BOOO83o3WyH59e8MgXsxEQVcarkUOpEYrubB0urwnN10yQ364rsiByU11nZlqWYZm05i/of7io4mzihBtQ==}
    engines: {node: '>=8'}

  pnpm@11.7.0:
    resolution: {integrity: sha512-GcyFLBIMcSV2DyRD7mvgyltA+fUFmN4aCaHxd1A+AQ5Xwjx3ZG4B52HeWb+HT7IqM5jDOrlpH8E+uUa28PTWIA==}
    engines: {node: '>=22.13'}
    hasBin: true

snapshots:

  '@pnpm/exe@11.7.0':
    dependencies:
      '@reflink/reflink': 0.1.19
      detect-libc: 2.1.2
    optionalDependencies:
      '@pnpm/linux-arm64': 11.7.0
      '@pnpm/linux-x64': 11.7.0
      '@pnpm/linuxstatic-arm64': 11.7.0
      '@pnpm/linuxstatic-x64': 11.7.0
      '@pnpm/macos-arm64': 11.7.0
      '@pnpm/win-arm64': 11.7.0
      '@pnpm/win-x64': 11.7.0

  '@pnpm/linux-arm64@11.7.0':
    optional: true

  '@pnpm/linux-x64@11.7.0':
    optional: true

  '@pnpm/linuxstatic-arm64@11.7.0':
    optional: true

  '@pnpm/linuxstatic-x64@11.7.0':
    optional: true

  '@pnpm/macos-arm64@11.7.0':
    optional: true

  '@pnpm/win-arm64@11.7.0':
    optional: true

  '@pnpm/win-x64@11.7.0':
    optional: true

  '@reflink/reflink-darwin-arm64@0.1.19':
    optional: true

  '@reflink/reflink-darwin-x64@0.1.19':
    optional: true

  '@reflink/reflink-linux-arm64-gnu@0.1.19':
    optional: true

  '@reflink/reflink-linux-arm64-musl@0.1.19':
    optional: true

  '@reflink/reflink-linux-x64-gnu@0.1.19':
    optional: true

  '@reflink/reflink-linux-x64-musl@0.1.19':
    optional: true

  '@reflink/reflink-win32-arm64-msvc@0.1.19':
    optional: true

  '@reflink/reflink-win32-x64-msvc@0.1.19':
    optional: true

  '@reflink/reflink@0.1.19':
    optionalDependencies:
      '@reflink/reflink-darwin-arm64': 0.1.19
      '@reflink/reflink-darwin-x64': 0.1.19
      '@reflink/reflink-linux-arm64-gnu': 0.1.19
      '@reflink/reflink-linux-arm64-musl': 0.1.19
      '@reflink/reflink-linux-x64-gnu': 0.1.19
      '@reflink/reflink-linux-x64-musl': 0.1.19
      '@reflink/reflink-win32-arm64-msvc': 0.1.19
      '@reflink/reflink-win32-x64-msvc': 0.1.19

  detect-libc@2.1.2: {}

  pnpm@11.7.0: {}

---
lockfileVersion: '9.0'

settings:
  autoInstallPeers: true
  excludeLinksFromLockfile: false

importers:

  .:
    dependencies:
      '@langchain/core':
        specifier: ^1.1.49
        version: 1.1.49(openai@6.43.0(zod@4.4.3))
      '@langchain/openai':
        specifier: ^1.4.7
        version: 1.4.7(@langchain/core@1.1.49(openai@6.43.0(zod@4.4.3)))
      dotenv:
        specifier: ^17.4.2
        version: 17.4.2
      zod:
        specifier: ^4.4.3
        version: 4.4.3

packages:

  '@cfworker/json-schema@4.1.1':
    resolution: {integrity: sha512-gAmrUZSGtKc3AiBL71iNWxDsyUC5uMaKKGdvzYsBoTW/xi42JQHl7eKV2OYzCUqvc+D2RCcf7EXY2iCyFIk6og==}

  '@langchain/core@1.1.49':
    resolution: {integrity: sha512-7wkN3Qv/qZqsY0p3h48CNu6E6y5GMYatYxj+JrX4uVNBiqIVQm1Z528QrmayJWVW9SQTQicqRNoyTCzl+K9F8Q==}
    engines: {node: '>=20'}

  '@langchain/openai@1.4.7':
    resolution: {integrity: sha512-i1YLV4pWbGC6W8m0ZNpLObJuf1nyU4o8aWyX4AF9fHn7eM67HfIJWQ5n5XzcCpuSa41otrxA9jvH5XRKwI1qDA==}
    engines: {node: '>=20'}
    peerDependencies:
      '@langchain/core': ^1.1.48

  '@standard-schema/spec@1.1.0':
    resolution: {integrity: sha512-l2aFy5jALhniG5HgqrD6jXLi/rUWrKvqN/qJx6yoJsgKhblVd+iqqU4RCXavm/jPityDo5TCvKMnpjKnOriy0w==}

  base64-js@1.5.1:
    resolution: {integrity: sha512-AKpaYlHn8t4SVbOHCy+b5+KKgvR4vrsD8vbvrbiQJps7fKDTkjkDry6ji0rUJjC0kzbNePLwzxq8iypo41qeWA==}

  dotenv@17.4.2:
    resolution: {integrity: sha512-nI4U3TottKAcAD9LLud4Cb7b2QztQMUEfHbvhTH09bqXTxnSie8WnjPALV/WMCrJZ6UV/qHJ6L03OqO3LcdYZw==}
    engines: {node: '>=12'}

  eventemitter3@4.0.7:
    resolution: {integrity: sha512-8guHBZCwKnFhYdHr2ysuRWErTwhoN2X8XELRlrRwpmfeY2jjuUN4taQMsULKUVo1K4DvZl+0pgfyoysHxvmvEw==}

  js-tiktoken@1.0.21:
    resolution: {integrity: sha512-biOj/6M5qdgx5TKjDnFT1ymSpM5tbd3ylwDtrQvFQSu0Z7bBYko2dF+W/aUkXUPuk6IVpRxk/3Q2sHOzGlS36g==}

  langsmith@0.7.10:
    resolution: {integrity: sha512-3EjJx9zGMzqF60eT9JADHF+Hn/T5ayTgEVp4d3M5yvJIJi3q6seX0p5jT8ecBCWBi1kIvvssWrcDxfwgSier7Q==}
    peerDependencies:
      '@opentelemetry/api': '*'
      '@opentelemetry/exporter-trace-otlp-proto': '*'
      '@opentelemetry/sdk-trace-base': '*'
      openai: '*'
      ws: '>=7'
    peerDependenciesMeta:
      '@opentelemetry/api':
        optional: true
      '@opentelemetry/exporter-trace-otlp-proto':
        optional: true
      '@opentelemetry/sdk-trace-base':
        optional: true
      openai:
        optional: true
      ws:
        optional: true

  mustache@4.2.0:
    resolution: {integrity: sha512-71ippSywq5Yb7/tVYyGbkBggbU8H3u5Rz56fH60jGFgr8uHwxs+aSKeqmluIVzM0m0kB7xQjKS6qPfd0b2ZoqQ==}
    hasBin: true

  openai@6.43.0:
    resolution: {integrity: sha512-wVjioGjbnAZycj5mmkFVxbBxLEp+NkKpdMscCYP9LTbq+nbf1WTMVp+ovmD35jgyco4tldWZJkcqdmlh3O9yHQ==}
    peerDependencies:
      ws: ^8.18.0
      zod: ^3.25 || ^4.0
    peerDependenciesMeta:
      ws:
        optional: true
      zod:
        optional: true

  p-finally@1.0.0:
    resolution: {integrity: sha512-LICb2p9CB7FS+0eR1oqWnHhp0FljGLZCWBE9aix0Uye9W8LTQPwMTYVGWQWIw9RdQiDg4+epXQODwIYJtSJaow==}
    engines: {node: '>=4'}

  p-queue@6.6.2:
    resolution: {integrity: sha512-RwFpb72c/BhQLEXIZ5K2e+AhgNVmIejGlTgiB9MzZ0e93GRvqZ7uSi0dvRF7/XIXDeNkra2fNHBxTyPDGySpjQ==}
    engines: {node: '>=8'}

  p-timeout@3.2.0:
    resolution: {integrity: sha512-rhIwUycgwwKcP9yTOOFK/AKsAopjjCakVqLHePO3CC6Mir1Z99xT+R63jZxAT5lFZLa2inS5h+ZS2GvR99/FBg==}
    engines: {node: '>=8'}

  zod@4.4.3:
    resolution: {integrity: sha512-ytENFjIJFl2UwYglde2jchW2Hwm4GJFLDiSXWdTrJQBIN9Fcyp7n4DhxJEiWNAJMV1/BqWfW/kkg71UDcHJyTQ==}

snapshots:

  '@cfworker/json-schema@4.1.1': {}

  '@langchain/core@1.1.49(openai@6.43.0(zod@4.4.3))':
    dependencies:
      '@cfworker/json-schema': 4.1.1
      '@standard-schema/spec': 1.1.0
      js-tiktoken: 1.0.21
      langsmith: 0.7.10(openai@6.43.0(zod@4.4.3))
      mustache: 4.2.0
      p-queue: 6.6.2
      zod: 4.4.3
    transitivePeerDependencies:
      - '@opentelemetry/api'
      - '@opentelemetry/exporter-trace-otlp-proto'
      - '@opentelemetry/sdk-trace-base'
      - openai
      - ws

  '@langchain/openai@1.4.7(@langchain/core@1.1.49(openai@6.43.0(zod@4.4.3)))':
    dependencies:
      '@langchain/core': 1.1.49(openai@6.43.0(zod@4.4.3))
      js-tiktoken: 1.0.21
      openai: 6.43.0(zod@4.4.3)
      zod: 4.4.3
    transitivePeerDependencies:
      - ws

  '@standard-schema/spec@1.1.0': {}

  base64-js@1.5.1: {}

  dotenv@17.4.2: {}

  eventemitter3@4.0.7: {}

  js-tiktoken@1.0.21:
    dependencies:
      base64-js: 1.5.1

  langsmith@0.7.10(openai@6.43.0(zod@4.4.3)):
    dependencies:
      p-queue: 6.6.2
    optionalDependencies:
      openai: 6.43.0(zod@4.4.3)

  mustache@4.2.0: {}

  openai@6.43.0(zod@4.4.3):
    optionalDependencies:
      zod: 4.4.3

  p-finally@1.0.0: {}

  p-queue@6.6.2:
    dependencies:
      eventemitter3: 4.0.7
      p-timeout: 3.2.0

  p-timeout@3.2.0:
    dependencies:
      p-finally: 1.0.0

  zod@4.4.3: {}
