lockfileVersion: '9.0'

settings:
  autoInstallPeers: true
  excludeLinksFromLockfile: false

importers:

  .:
    dependencies:
      '@langchain/core':
        specifier: ^1.1.47
        version: 1.1.47(openai@6.38.0(zod@4.4.3))
      '@langchain/openai':
        specifier: ^1.4.6
        version: 1.4.6(@langchain/core@1.1.47(openai@6.38.0(zod@4.4.3)))
      dotenv:
        specifier: ^17.4.2
        version: 17.4.2
      zod:
        specifier: ^4.4.3
        version: 4.4.3

packages:

  '@cfworker/json-schema@4.1.1':
    resolution: {integrity: sha512-gAmrUZSGtKc3AiBL71iNWxDsyUC5uMaKKGdvzYsBoTW/xi42JQHl7eKV2OYzCUqvc+D2RCcf7EXY2iCyFIk6og==}

  '@langchain/core@1.1.47':
    resolution: {integrity: sha512-+fiPu6ZFnJMrZyKeM77OIVPoMPAY6OKWacnPlojHtXTbMMzb2cEOKAJV0U07cDl86NHSCIYYa0i4CyKZzXbHQQ==}
    engines: {node: '>=20'}

  '@langchain/openai@1.4.6':
    resolution: {integrity: sha512-R92/hW1aFlL9YNWLDEy1ePBnsn83kPOINNsVD+asjTJKB/00Dwf6s0VBpgZLRJiSWOW/RvbLJ/V4Djayh5boyQ==}
    engines: {node: '>=20'}
    peerDependencies:
      '@langchain/core': ^1.1.47

  '@standard-schema/spec@1.1.0':
    resolution: {integrity: sha512-l2aFy5jALhniG5HgqrD6jXLi/rUWrKvqN/qJx6yoJsgKhblVd+iqqU4RCXavm/jPityDo5TCvKMnpjKnOriy0w==}

  base64-js@1.5.1:
    resolution: {integrity: sha512-AKpaYlHn8t4SVbOHCy+b5+KKgvR4vrsD8vbvrbiQJps7fKDTkjkDry6ji0rUJjC0kzbNePLwzxq8iypo41qeWA==}

  dotenv@17.4.2:
    resolution: {integrity: sha512-nI4U3TottKAcAD9LLud4Cb7b2QztQMUEfHbvhTH09bqXTxnSie8WnjPALV/WMCrJZ6UV/qHJ6L03OqO3LcdYZw==}
    engines: {node: '>=12'}

  eventemitter3@4.0.7:
    resolution: {integrity: sha512-8guHBZCwKnFhYdHr2ysuRWErTwhoN2X8XELRlrRwpmfeY2jjuUN4taQMsULKUVo1K4DvZl+0pgfyoysHxvmvEw==}

  js-tiktoken@1.0.21:
    resolution: {integrity: sha512-biOj/6M5qdgx5TKjDnFT1ymSpM5tbd3ylwDtrQvFQSu0Z7bBYko2dF+W/aUkXUPuk6IVpRxk/3Q2sHOzGlS36g==}

  langsmith@0.7.1:
    resolution: {integrity: sha512-Wjk90UjNoY5cBHMlNAC/eZx5clI8jnjBOBW8uJu8+MWBtx0QesNjsUiLtjI+I3UnrpxFFpDqGXcnhBjH654Mqg==}
    peerDependencies:
      '@opentelemetry/api': '*'
      '@opentelemetry/exporter-trace-otlp-proto': '*'
      '@opentelemetry/sdk-trace-base': '*'
      openai: '*'
      ws: '>=7'
    peerDependenciesMeta:
      '@opentelemetry/api':
        optional: true
      '@opentelemetry/exporter-trace-otlp-proto':
        optional: true
      '@opentelemetry/sdk-trace-base':
        optional: true
      openai:
        optional: true
      ws:
        optional: true

  mustache@4.2.0:
    resolution: {integrity: sha512-71ippSywq5Yb7/tVYyGbkBggbU8H3u5Rz56fH60jGFgr8uHwxs+aSKeqmluIVzM0m0kB7xQjKS6qPfd0b2ZoqQ==}
    hasBin: true

  openai@6.38.0:
    resolution: {integrity: sha512-AoMplt2UalrpgUDMh3L09QWjNRlgJPipclQvA6sYAaeF6nHNBMgmikAZGmcYLn8on4d9sQY9Q8bOLfrBS7Lc8g==}
    hasBin: true
    peerDependencies:
      ws: ^8.18.0
      zod: ^3.25 || ^4.0
    peerDependenciesMeta:
      ws:
        optional: true
      zod:
        optional: true

  p-finally@1.0.0:
    resolution: {integrity: sha512-LICb2p9CB7FS+0eR1oqWnHhp0FljGLZCWBE9aix0Uye9W8LTQPwMTYVGWQWIw9RdQiDg4+epXQODwIYJtSJaow==}
    engines: {node: '>=4'}

  p-queue@6.6.2:
    resolution: {integrity: sha512-RwFpb72c/BhQLEXIZ5K2e+AhgNVmIejGlTgiB9MzZ0e93GRvqZ7uSi0dvRF7/XIXDeNkra2fNHBxTyPDGySpjQ==}
    engines: {node: '>=8'}

  p-timeout@3.2.0:
    resolution: {integrity: sha512-rhIwUycgwwKcP9yTOOFK/AKsAopjjCakVqLHePO3CC6Mir1Z99xT+R63jZxAT5lFZLa2inS5h+ZS2GvR99/FBg==}
    engines: {node: '>=8'}

  zod@4.4.3:
    resolution: {integrity: sha512-ytENFjIJFl2UwYglde2jchW2Hwm4GJFLDiSXWdTrJQBIN9Fcyp7n4DhxJEiWNAJMV1/BqWfW/kkg71UDcHJyTQ==}

snapshots:

  '@cfworker/json-schema@4.1.1': {}

  '@langchain/core@1.1.47(openai@6.38.0(zod@4.4.3))':
    dependencies:
      '@cfworker/json-schema': 4.1.1
      '@standard-schema/spec': 1.1.0
      js-tiktoken: 1.0.21
      langsmith: 0.7.1(openai@6.38.0(zod@4.4.3))
      mustache: 4.2.0
      p-queue: 6.6.2
      zod: 4.4.3
    transitivePeerDependencies:
      - '@opentelemetry/api'
      - '@opentelemetry/exporter-trace-otlp-proto'
      - '@opentelemetry/sdk-trace-base'
      - openai
      - ws

  '@langchain/openai@1.4.6(@langchain/core@1.1.47(openai@6.38.0(zod@4.4.3)))':
    dependencies:
      '@langchain/core': 1.1.47(openai@6.38.0(zod@4.4.3))
      js-tiktoken: 1.0.21
      openai: 6.38.0(zod@4.4.3)
      zod: 4.4.3
    transitivePeerDependencies:
      - ws

  '@standard-schema/spec@1.1.0': {}

  base64-js@1.5.1: {}

  dotenv@17.4.2: {}

  eventemitter3@4.0.7: {}

  js-tiktoken@1.0.21:
    dependencies:
      base64-js: 1.5.1

  langsmith@0.7.1(openai@6.38.0(zod@4.4.3)):
    dependencies:
      p-queue: 6.6.2
    optionalDependencies:
      openai: 6.38.0(zod@4.4.3)

  mustache@4.2.0: {}

  openai@6.38.0(zod@4.4.3):
    optionalDependencies:
      zod: 4.4.3

  p-finally@1.0.0: {}

  p-queue@6.6.2:
    dependencies:
      eventemitter3: 4.0.7
      p-timeout: 3.2.0

  p-timeout@3.2.0:
    dependencies:
      p-finally: 1.0.0

  zod@4.4.3: {}
